
Microsoft Visual Studio Solution File, Format Version 12.00
# Visual Studio Version 17
VisualStudioVersion = 17.7.34031.279
MinimumVisualStudioVersion = 10.0.40219.1
Project("{9A19103F-16F7-4668-BE54-9A1E7A4F7556}") = "SIGRHBack", "SIGRHBack\SIGRHBack.csproj", "{13147DB1-96BA-4827-AAAF-CBCDB1275429}"
EndProject
Project("{FAE04EC0-301F-11D3-BF4B-00C04F79EFBC}") = "SIGRHMetier", "SIGRHMetier\SIGRHMetier.csproj", "{5D9A8B3F-670D-44DC-AE92-8566D7346118}"
EndProject
Project("{FAE04EC0-301F-11D3-BF4B-00C04F79EFBC}") = "SIGRHFile", "SIGRHFile\SIGRHFile.csproj", "{0E90044F-DAF5-45AF-B126-3D85DE40944D}"
EndProject
Project("{2150E333-8FDC-42A3-9474-1A3956D46DE8}") = "Éléments de solution", "Éléments de solution", "{4DE26F2D-DD39-42EC-9DD7-5060E5ACE186}"
	ProjectSection(SolutionItems) = preProject
		SIGRHMetier\Application\ViewModel\ActeGestionViewModel.cs = SIGRHMetier\Application\ViewModel\ActeGestionViewModel.cs
	EndProjectSection
EndProject
Global
	GlobalSection(SolutionConfigurationPlatforms) = preSolution
		Debug|Any CPU = Debug|Any CPU
		Release|Any CPU = Release|Any CPU
	EndGlobalSection
	GlobalSection(ProjectConfigurationPlatforms) = postSolution
		{13147DB1-96BA-4827-AAAF-CBCDB1275429}.Debug|Any CPU.ActiveCfg = Debug|Any CPU
		{13147DB1-96BA-4827-AAAF-CBCDB1275429}.Debug|Any CPU.Build.0 = Debug|Any CPU
		{13147DB1-96BA-4827-AAAF-CBCDB1275429}.Release|Any CPU.ActiveCfg = Release|Any CPU
		{13147DB1-96BA-4827-AAAF-CBCDB1275429}.Release|Any CPU.Build.0 = Release|Any CPU
		{5D9A8B3F-670D-44DC-AE92-8566D7346118}.Debug|Any CPU.ActiveCfg = Debug|Any CPU
		{5D9A8B3F-670D-44DC-AE92-8566D7346118}.Debug|Any CPU.Build.0 = Debug|Any CPU
		{5D9A8B3F-670D-44DC-AE92-8566D7346118}.Release|Any CPU.ActiveCfg = Release|Any CPU
		{5D9A8B3F-670D-44DC-AE92-8566D7346118}.Release|Any CPU.Build.0 = Release|Any CPU
		{0E90044F-DAF5-45AF-B126-3D85DE40944D}.Debug|Any CPU.ActiveCfg = Debug|Any CPU
		{0E90044F-DAF5-45AF-B126-3D85DE40944D}.Debug|Any CPU.Build.0 = Debug|Any CPU
		{0E90044F-DAF5-45AF-B126-3D85DE40944D}.Release|Any CPU.ActiveCfg = Release|Any CPU
		{0E90044F-DAF5-45AF-B126-3D85DE40944D}.Release|Any CPU.Build.0 = Release|Any CPU
	EndGlobalSection
	GlobalSection(SolutionProperties) = preSolution
		HideSolutionNode = FALSE
	EndGlobalSection
	GlobalSection(ExtensibilityGlobals) = postSolution
		SolutionGuid = {ED5042E4-7C6A-4006-B7B5-AB055E27D5FB}
	EndGlobalSection
EndGlobal
